lockfileVersion: '9.0'

settings:
  autoInstallPeers: true
  excludeLinksFromLockfile: false

importers:

  .:
    dependencies:
      axios:
        specifier: ^1.7.2
        version: 1.7.2
      cheerio:
        specifier: 1.0.0-rc.12
        version: 1.0.0-rc.12
      currency.js:
        specifier: ^2.0.4
        version: 2.0.4
    devDependencies:
      '@types/node':
        specifier: ^22.0.0
        version: 22.0.0

packages:

  '@types/node@22.0.0':
    resolution: {integrity: sha1-BIYqKnHmImRCYIOr4eJ+h8rAWjA=}

  asynckit@0.4.0:
    resolution: {integrity: sha1-x57Zf380y48robyXkLzDZkdLS3k=}

  axios@1.7.2:
    resolution: {integrity: sha1-tiXbinBR++phw1o8uzodqnucdiE=}

  boolbase@1.0.0:
    resolution: {integrity: sha1-aN/1++YMUes3cl6p4+0xDcwed24=}

  cheerio-select@2.1.0:
    resolution: {integrity: sha1-TYZzKGuBJsoqjkJ0DV48SISuIbQ=}

  cheerio@1.0.0-rc.12:
    resolution: {integrity: sha1-eIv3RmUGsca/X65R0kosTWLkdoM=}
    engines: {node: '>= 6'}

  combined-stream@1.0.8:
    resolution: {integrity: sha1-w9RaizT9cwYxoRCoolIGgrMdWn8=}
    engines: {node: '>= 0.8'}

  css-select@5.1.0:
    resolution: {integrity: sha1-uOvWVUw2N8zHZoiAStP2pv2uqKY=}

  css-what@6.1.0:
    resolution: {integrity: sha1-+17/z3bx3eosgb36pN5E55uscPQ=}
    engines: {node: '>= 6'}

  currency.js@2.0.4:
    resolution: {integrity: sha1-qKTWm+Oy5Qm/Z6Vgx4IgvASAnPE=}
    engines: {node: '>=4'}

  delayed-stream@1.0.0:
    resolution: {integrity: sha1-3zrhmayt+31ECqrgsp4icrJOxhk=}
    engines: {node: '>=0.4.0'}

  dom-serializer@2.0.0:
    resolution: {integrity: sha1-5BuALh7t+fbK4YPOXmIteJ19jlM=}

  domelementtype@2.3.0:
    resolution: {integrity: sha1-XEXo6GmVJiYzHXqrMm0B2vZdWJ0=}

  domhandler@5.0.3:
    resolution: {integrity: sha1-zDhff3UfHR/GUMITdIBCVFOMfTE=}
    engines: {node: '>= 4'}

  domutils@3.1.0:
    resolution: {integrity: sha1-xH9VEnjT3EsLGrjLtC11Gm8Ngk4=}

  entities@4.5.0:
    resolution: {integrity: sha1-XSaOpecRPsdMTQM7eepaNaSI+0g=}
    engines: {node: '>=0.12'}

  follow-redirects@1.15.6:
    resolution: {integrity: sha1-f4FcDNpCScdP8J6V75fCO1/QOZs=}
    engines: {node: '>=4.0'}
    peerDependencies:
      debug: '*'
    peerDependenciesMeta:
      debug:
        optional: true

  form-data@4.0.0:
    resolution: {integrity: sha1-k5Gdrq82HuUpWEubMWZNwSyfpFI=}
    engines: {node: '>= 6'}

  htmlparser2@8.0.2:
    resolution: {integrity: sha1-8AIVFwWzg+YkM7XPRm9bcW7a7CE=}

  mime-db@1.52.0:
    resolution: {integrity: sha1-u6vNwChZ9JhzAchW4zh85exDv3A=}
    engines: {node: '>= 0.6'}

  mime-types@2.1.35:
    resolution: {integrity: sha1-OBqHG2KnNEUGYK497uRIE/cNlZo=}
    engines: {node: '>= 0.6'}

  nth-check@2.1.1:
    resolution: {integrity: sha1-yeq0KO/842zWuSySS9sADvHx7R0=}

  parse5-htmlparser2-tree-adapter@7.0.0:
    resolution: {integrity: sha1-I8LMIzvPCbt766i4pp1GsIxiwvE=}

  parse5@7.1.2:
    resolution: {integrity: sha1-Bza+u/13eTgjJAojt/xeAQt/jjI=}

  proxy-from-env@1.1.0:
    resolution: {integrity: sha1-4QLxbKNVQkhldV0sno6k8k1Yw+I=}

  undici-types@6.11.1:
    resolution: {integrity: sha1-Qy6m6O/VSkhWlwWmmeYtj0mBsZc=}

snapshots:

  '@types/node@22.0.0':
    dependencies:
      undici-types: 6.11.1

  asynckit@0.4.0: {}

  axios@1.7.2:
    dependencies:
      follow-redirects: 1.15.6
      form-data: 4.0.0
      proxy-from-env: 1.1.0
    transitivePeerDependencies:
      - debug

  boolbase@1.0.0: {}

  cheerio-select@2.1.0:
    dependencies:
      boolbase: 1.0.0
      css-select: 5.1.0
      css-what: 6.1.0
      domelementtype: 2.3.0
      domhandler: 5.0.3
      domutils: 3.1.0

  cheerio@1.0.0-rc.12:
    dependencies:
      cheerio-select: 2.1.0
      dom-serializer: 2.0.0
      domhandler: 5.0.3
      domutils: 3.1.0
      htmlparser2: 8.0.2
      parse5: 7.1.2
      parse5-htmlparser2-tree-adapter: 7.0.0

  combined-stream@1.0.8:
    dependencies:
      delayed-stream: 1.0.0

  css-select@5.1.0:
    dependencies:
      boolbase: 1.0.0
      css-what: 6.1.0
      domhandler: 5.0.3
      domutils: 3.1.0
      nth-check: 2.1.1

  css-what@6.1.0: {}

  currency.js@2.0.4: {}

  delayed-stream@1.0.0: {}

  dom-serializer@2.0.0:
    dependencies:
      domelementtype: 2.3.0
      domhandler: 5.0.3
      entities: 4.5.0

  domelementtype@2.3.0: {}

  domhandler@5.0.3:
    dependencies:
      domelementtype: 2.3.0

  domutils@3.1.0:
    dependencies:
      dom-serializer: 2.0.0
      domelementtype: 2.3.0
      domhandler: 5.0.3

  entities@4.5.0: {}

  follow-redirects@1.15.6: {}

  form-data@4.0.0:
    dependencies:
      asynckit: 0.4.0
      combined-stream: 1.0.8
      mime-types: 2.1.35

  htmlparser2@8.0.2:
    dependencies:
      domelementtype: 2.3.0
      domhandler: 5.0.3
      domutils: 3.1.0
      entities: 4.5.0

  mime-db@1.52.0: {}

  mime-types@2.1.35:
    dependencies:
      mime-db: 1.52.0

  nth-check@2.1.1:
    dependencies:
      boolbase: 1.0.0

  parse5-htmlparser2-tree-adapter@7.0.0:
    dependencies:
      domhandler: 5.0.3
      parse5: 7.1.2

  parse5@7.1.2:
    dependencies:
      entities: 4.5.0

  proxy-from-env@1.1.0: {}

  undici-types@6.11.1: {}
